
Microsoft Visual Studio Solution File, Format Version 12.00
# Visual Studio Version 17
VisualStudioVersion = 17.10.35013.160
MinimumVisualStudioVersion = 10.0.40219.1
Project("{FAE04EC0-301F-11D3-BF4B-00C04F79EFBC}") = "26.6.2024", "26.6.2024\26.6.2024.csproj", "{7F3A9664-E647-4D09-B08C-294361DEF989}"
EndProject
Global
	GlobalSection(SolutionConfigurationPlatforms) = preSolution
		Debug|Any CPU = Debug|Any CPU
		Release|Any CPU = Release|Any CPU
	EndGlobalSection
	GlobalSection(ProjectConfigurationPlatforms) = postSolution
		{7F3A9664-E647-4D09-B08C-294361DEF989}.Debug|Any CPU.ActiveCfg = Debug|Any CPU
		{7F3A9664-E647-4D09-B08C-294361DEF989}.Debug|Any CPU.Build.0 = Debug|Any CPU
		{7F3A9664-E647-4D09-B08C-294361DEF989}.Release|Any CPU.ActiveCfg = Release|Any CPU
		{7F3A9664-E647-4D09-B08C-294361DEF989}.Release|Any CPU.Build.0 = Release|Any CPU
	EndGlobalSection
	GlobalSection(SolutionProperties) = preSolution
		HideSolutionNode = FALSE
	EndGlobalSection
	GlobalSection(ExtensibilityGlobals) = postSolution
		SolutionGuid = {EADD4B8B-F7FB-46AA-96B5-C52B34C68F67}
	EndGlobalSection
EndGlobal
